
Microsoft Visual Studio Solution File, Format Version 12.00
# Visual Studio 15
VisualStudioVersion = 15.0.26430.14
MinimumVisualStudioVersion = 10.0.40219.1
Project("{D954291E-2A0B-460D-934E-DC6B0785DB48}") = "SonRise", "SonRise\SonRise\SonRise.shproj", "{C89B954A-18AB-4E84-B525-4C9F14E76464}"
EndProject
Project("{FAE04EC0-301F-11D3-BF4B-00C04F79EFBC}") = "SonRise.Android", "SonRise\SonRise.Android\SonRise.Android.csproj", "{8358ABE7-0D79-4A6B-9195-D5F4C14E52B1}"
EndProject
Project("{FAE04EC0-301F-11D3-BF4B-00C04F79EFBC}") = "SonRise.iOS", "SonRise\SonRise.iOS\SonRise.iOS.csproj", "{70975F4B-AEFD-431B-BFC8-29B36CAA44E1}"
EndProject
Project("{FAE04EC0-301F-11D3-BF4B-00C04F79EFBC}") = "SonRise.UWP", "SonRise\SonRise.UWP\SonRise.UWP.csproj", "{7E7DCA91-C688-4DF7-AC2C-92CCAB42E266}"
EndProject
Global
	GlobalSection(SharedMSBuildProjectFiles) = preSolution
		SonRise\SonRise\SonRise.projitems*{70975f4b-aefd-431b-bfc8-29b36caa44e1}*SharedItemsImports = 4
		SonRise\SonRise\SonRise.projitems*{7e7dca91-c688-4df7-ac2c-92ccab42e266}*SharedItemsImports = 4
		SonRise\SonRise\SonRise.projitems*{8358abe7-0d79-4a6b-9195-d5f4c14e52b1}*SharedItemsImports = 4
		SonRise\SonRise\SonRise.projitems*{c89b954a-18ab-4e84-b525-4c9f14e76464}*SharedItemsImports = 13
	EndGlobalSection
	GlobalSection(SolutionConfigurationPlatforms) = preSolution
		Ad-Hoc|Any CPU = Ad-Hoc|Any CPU
		Ad-Hoc|ARM = Ad-Hoc|ARM
		Ad-Hoc|iPhone = Ad-Hoc|iPhone
		Ad-Hoc|iPhoneSimulator = Ad-Hoc|iPhoneSimulator
		Ad-Hoc|x64 = Ad-Hoc|x64
		Ad-Hoc|x86 = Ad-Hoc|x86
		AppStore|Any CPU = AppStore|Any CPU
		AppStore|ARM = AppStore|ARM
		AppStore|iPhone = AppStore|iPhone
		AppStore|iPhoneSimulator = AppStore|iPhoneSimulator
		AppStore|x64 = AppStore|x64
		AppStore|x86 = AppStore|x86
		Debug|Any CPU = Debug|Any CPU
		Debug|ARM = Debug|ARM
		Debug|iPhone = Debug|iPhone
		Debug|iPhoneSimulator = Debug|iPhoneSimulator
		Debug|x64 = Debug|x64
		Debug|x86 = Debug|x86
		Release|Any CPU = Release|Any CPU
		Release|ARM = Release|ARM
		Release|iPhone = Release|iPhone
		Release|iPhoneSimulator = Release|iPhoneSimulator
		Release|x64 = Release|x64
		Release|x86 = Release|x86
	EndGlobalSection
	GlobalSection(ProjectConfigurationPlatforms) = postSolution
		{8358ABE7-0D79-4A6B-9195-D5F4C14E52B1}.Ad-Hoc|Any CPU.ActiveCfg = Release|Any CPU
		{8358ABE7-0D79-4A6B-9195-D5F4C14E52B1}.Ad-Hoc|Any CPU.Build.0 = Release|Any CPU
		{8358ABE7-0D79-4A6B-9195-D5F4C14E52B1}.Ad-Hoc|Any CPU.Deploy.0 = Release|Any CPU
		{8358ABE7-0D79-4A6B-9195-D5F4C14E52B1}.Ad-Hoc|ARM.ActiveCfg = Release|Any CPU
		{8358ABE7-0D79-4A6B-9195-D5F4C14E52B1}.Ad-Hoc|ARM.Build.0 = Release|Any CPU
		{8358ABE7-0D79-4A6B-9195-D5F4C14E52B1}.Ad-Hoc|ARM.Deploy.0 = Release|Any CPU
		{8358ABE7-0D79-4A6B-9195-D5F4C14E52B1}.Ad-Hoc|iPhone.ActiveCfg = Release|Any CPU
		{8358ABE7-0D79-4A6B-9195-D5F4C14E52B1}.Ad-Hoc|iPhone.Build.0 = Release|Any CPU
		{8358ABE7-0D79-4A6B-9195-D5F4C14E52B1}.Ad-Hoc|iPhone.Deploy.0 = Release|Any CPU
		{8358ABE7-0D79-4A6B-9195-D5F4C14E52B1}.Ad-Hoc|iPhoneSimulator.ActiveCfg = Release|Any CPU
		{8358ABE7-0D79-4A6B-9195-D5F4C14E52B1}.Ad-Hoc|iPhoneSimulator.Build.0 = Release|Any CPU
		{8358ABE7-0D79-4A6B-9195-D5F4C14E52B1}.Ad-Hoc|iPhoneSimulator.Deploy.0 = Release|Any CPU
		{8358ABE7-0D79-4A6B-9195-D5F4C14E52B1}.Ad-Hoc|x64.ActiveCfg = Release|Any CPU
		{8358ABE7-0D79-4A6B-9195-D5F4C14E52B1}.Ad-Hoc|x64.Build.0 = Release|Any CPU
		{8358ABE7-0D79-4A6B-9195-D5F4C14E52B1}.Ad-Hoc|x64.Deploy.0 = Release|Any CPU
		{8358ABE7-0D79-4A6B-9195-D5F4C14E52B1}.Ad-Hoc|x86.ActiveCfg = Release|Any CPU
		{8358ABE7-0D79-4A6B-9195-D5F4C14E52B1}.Ad-Hoc|x86.Build.0 = Release|Any CPU
		{8358ABE7-0D79-4A6B-9195-D5F4C14E52B1}.Ad-Hoc|x86.Deploy.0 = Release|Any CPU
		{8358ABE7-0D79-4A6B-9195-D5F4C14E52B1}.AppStore|Any CPU.ActiveCfg = Release|Any CPU
		{8358ABE7-0D79-4A6B-9195-D5F4C14E52B1}.AppStore|Any CPU.Build.0 = Release|Any CPU
		{8358ABE7-0D79-4A6B-9195-D5F4C14E52B1}.AppStore|Any CPU.Deploy.0 = Release|Any CPU
		{8358ABE7-0D79-4A6B-9195-D5F4C14E52B1}.AppStore|ARM.ActiveCfg = Release|Any CPU
		{8358ABE7-0D79-4A6B-9195-D5F4C14E52B1}.AppStore|ARM.Build.0 = Release|Any CPU
		{8358ABE7-0D79-4A6B-9195-D5F4C14E52B1}.AppStore|ARM.Deploy.0 = Release|Any CPU
		{8358ABE7-0D79-4A6B-9195-D5F4C14E52B1}.AppStore|iPhone.ActiveCfg = Release|Any CPU
		{8358ABE7-0D79-4A6B-9195-D5F4C14E52B1}.AppStore|iPhone.Build.0 = Release|Any CPU
		{8358ABE7-0D79-4A6B-9195-D5F4C14E52B1}.AppStore|iPhone.Deploy.0 = Release|Any CPU
		{8358ABE7-0D79-4A6B-9195-D5F4C14E52B1}.AppStore|iPhoneSimulator.ActiveCfg = Release|Any CPU
		{8358ABE7-0D79-4A6B-9195-D5F4C14E52B1}.AppStore|iPhoneSimulator.Build.0 = Release|Any CPU
		{8358ABE7-0D79-4A6B-9195-D5F4C14E52B1}.AppStore|iPhoneSimulator.Deploy.0 = Release|Any CPU
		{8358ABE7-0D79-4A6B-9195-D5F4C14E52B1}.AppStore|x64.ActiveCfg = Release|Any CPU
		{8358ABE7-0D79-4A6B-9195-D5F4C14E52B1}.AppStore|x64.Build.0 = Release|Any CPU
		{8358ABE7-0D79-4A6B-9195-D5F4C14E52B1}.AppStore|x64.Deploy.0 = Release|Any CPU
		{8358ABE7-0D79-4A6B-9195-D5F4C14E52B1}.AppStore|x86.ActiveCfg = Release|Any CPU
		{8358ABE7-0D79-4A6B-9195-D5F4C14E52B1}.AppStore|x86.Build.0 = Release|Any CPU
		{8358ABE7-0D79-4A6B-9195-D5F4C14E52B1}.AppStore|x86.Deploy.0 = Release|Any CPU
		{8358ABE7-0D79-4A6B-9195-D5F4C14E52B1}.Debug|Any CPU.ActiveCfg = Debug|Any CPU
		{8358ABE7-0D79-4A6B-9195-D5F4C14E52B1}.Debug|Any CPU.Build.0 = Debug|Any CPU
		{8358ABE7-0D79-4A6B-9195-D5F4C14E52B1}.Debug|Any CPU.Deploy.0 = Debug|Any CPU
		{8358ABE7-0D79-4A6B-9195-D5F4C14E52B1}.Debug|ARM.ActiveCfg = Debug|Any CPU
		{8358ABE7-0D79-4A6B-9195-D5F4C14E52B1}.Debug|ARM.Build.0 = Debug|Any CPU
		{8358ABE7-0D79-4A6B-9195-D5F4C14E52B1}.Debug|ARM.Deploy.0 = Debug|Any CPU
		{8358ABE7-0D79-4A6B-9195-D5F4C14E52B1}.Debug|iPhone.ActiveCfg = Debug|Any CPU
		{8358ABE7-0D79-4A6B-9195-D5F4C14E52B1}.Debug|iPhone.Build.0 = Debug|Any CPU
		{8358ABE7-0D79-4A6B-9195-D5F4C14E52B1}.Debug|iPhone.Deploy.0 = Debug|Any CPU
		{8358ABE7-0D79-4A6B-9195-D5F4C14E52B1}.Debug|iPhoneSimulator.ActiveCfg = Debug|Any CPU
		{8358ABE7-0D79-4A6B-9195-D5F4C14E52B1}.Debug|iPhoneSimulator.Build.0 = Debug|Any CPU
		{8358ABE7-0D79-4A6B-9195-D5F4C14E52B1}.Debug|iPhoneSimulator.Deploy.0 = Debug|Any CPU
		{8358ABE7-0D79-4A6B-9195-D5F4C14E52B1}.Debug|x64.ActiveCfg = Debug|Any CPU
		{8358ABE7-0D79-4A6B-9195-D5F4C14E52B1}.Debug|x64.Build.0 = Debug|Any CPU
		{8358ABE7-0D79-4A6B-9195-D5F4C14E52B1}.Debug|x64.Deploy.0 = Debug|Any CPU
		{8358ABE7-0D79-4A6B-9195-D5F4C14E52B1}.Debug|x86.ActiveCfg = Debug|Any CPU
		{8358ABE7-0D79-4A6B-9195-D5F4C14E52B1}.Debug|x86.Build.0 = Debug|Any CPU
		{8358ABE7-0D79-4A6B-9195-D5F4C14E52B1}.Debug|x86.Deploy.0 = Debug|Any CPU
		{8358ABE7-0D79-4A6B-9195-D5F4C14E52B1}.Release|Any CPU.ActiveCfg = Release|Any CPU
		{8358ABE7-0D79-4A6B-9195-D5F4C14E52B1}.Release|Any CPU.Build.0 = Release|Any CPU
		{8358ABE7-0D79-4A6B-9195-D5F4C14E52B1}.Release|Any CPU.Deploy.0 = Release|Any CPU
		{8358ABE7-0D79-4A6B-9195-D5F4C14E52B1}.Release|ARM.ActiveCfg = Release|Any CPU
		{8358ABE7-0D79-4A6B-9195-D5F4C14E52B1}.Release|ARM.Build.0 = Release|Any CPU
		{8358ABE7-0D79-4A6B-9195-D5F4C14E52B1}.Release|ARM.Deploy.0 = Release|Any CPU
		{8358ABE7-0D79-4A6B-9195-D5F4C14E52B1}.Release|iPhone.ActiveCfg = Release|Any CPU
		{8358ABE7-0D79-4A6B-9195-D5F4C14E52B1}.Release|iPhone.Build.0 = Release|Any CPU
		{8358ABE7-0D79-4A6B-9195-D5F4C14E52B1}.Release|iPhone.Deploy.0 = Release|Any CPU
		{8358ABE7-0D79-4A6B-9195-D5F4C14E52B1}.Release|iPhoneSimulator.ActiveCfg = Release|Any CPU
		{8358ABE7-0D79-4A6B-9195-D5F4C14E52B1}.Release|iPhoneSimulator.Build.0 = Release|Any CPU
		{8358ABE7-0D79-4A6B-9195-D5F4C14E52B1}.Release|iPhoneSimulator.Deploy.0 = Release|Any CPU
		{8358ABE7-0D79-4A6B-9195-D5F4C14E52B1}.Release|x64.ActiveCfg = Release|Any CPU
		{8358ABE7-0D79-4A6B-9195-D5F4C14E52B1}.Release|x64.Build.0 = Release|Any CPU
		{8358ABE7-0D79-4A6B-9195-D5F4C14E52B1}.Release|x64.Deploy.0 = Release|Any CPU
		{8358ABE7-0D79-4A6B-9195-D5F4C14E52B1}.Release|x86.ActiveCfg = Release|Any CPU
		{8358ABE7-0D79-4A6B-9195-D5F4C14E52B1}.Release|x86.Build.0 = Release|Any CPU
		{8358ABE7-0D79-4A6B-9195-D5F4C14E52B1}.Release|x86.Deploy.0 = Release|Any CPU
		{70975F4B-AEFD-431B-BFC8-29B36CAA44E1}.Ad-Hoc|Any CPU.ActiveCfg = Ad-Hoc|iPhone
		{70975F4B-AEFD-431B-BFC8-29B36CAA44E1}.Ad-Hoc|ARM.ActiveCfg = Ad-Hoc|iPhone
		{70975F4B-AEFD-431B-BFC8-29B36CAA44E1}.Ad-Hoc|iPhone.ActiveCfg = Ad-Hoc|iPhone
		{70975F4B-AEFD-431B-BFC8-29B36CAA44E1}.Ad-Hoc|iPhone.Build.0 = Ad-Hoc|iPhone
		{70975F4B-AEFD-431B-BFC8-29B36CAA44E1}.Ad-Hoc|iPhoneSimulator.ActiveCfg = Ad-Hoc|iPhoneSimulator
		{70975F4B-AEFD-431B-BFC8-29B36CAA44E1}.Ad-Hoc|iPhoneSimulator.Build.0 = Ad-Hoc|iPhoneSimulator
		{70975F4B-AEFD-431B-BFC8-29B36CAA44E1}.Ad-Hoc|x64.ActiveCfg = Ad-Hoc|iPhone
		{70975F4B-AEFD-431B-BFC8-29B36CAA44E1}.Ad-Hoc|x86.ActiveCfg = Ad-Hoc|iPhone
		{70975F4B-AEFD-431B-BFC8-29B36CAA44E1}.AppStore|Any CPU.ActiveCfg = AppStore|iPhone
		{70975F4B-AEFD-431B-BFC8-29B36CAA44E1}.AppStore|ARM.ActiveCfg = AppStore|iPhone
		{70975F4B-AEFD-431B-BFC8-29B36CAA44E1}.AppStore|iPhone.ActiveCfg = AppStore|iPhone
		{70975F4B-AEFD-431B-BFC8-29B36CAA44E1}.AppStore|iPhone.Build.0 = AppStore|iPhone
		{70975F4B-AEFD-431B-BFC8-29B36CAA44E1}.AppStore|iPhoneSimulator.ActiveCfg = AppStore|iPhoneSimulator
		{70975F4B-AEFD-431B-BFC8-29B36CAA44E1}.AppStore|iPhoneSimulator.Build.0 = AppStore|iPhoneSimulator
		{70975F4B-AEFD-431B-BFC8-29B36CAA44E1}.AppStore|x64.ActiveCfg = AppStore|iPhone
		{70975F4B-AEFD-431B-BFC8-29B36CAA44E1}.AppStore|x86.ActiveCfg = AppStore|iPhone
		{70975F4B-AEFD-431B-BFC8-29B36CAA44E1}.Debug|Any CPU.ActiveCfg = Debug|iPhone
		{70975F4B-AEFD-431B-BFC8-29B36CAA44E1}.Debug|ARM.ActiveCfg = Debug|iPhone
		{70975F4B-AEFD-431B-BFC8-29B36CAA44E1}.Debug|iPhone.ActiveCfg = Debug|iPhone
		{70975F4B-AEFD-431B-BFC8-29B36CAA44E1}.Debug|iPhone.Build.0 = Debug|iPhone
		{70975F4B-AEFD-431B-BFC8-29B36CAA44E1}.Debug|iPhoneSimulator.ActiveCfg = Debug|iPhoneSimulator
		{70975F4B-AEFD-431B-BFC8-29B36CAA44E1}.Debug|iPhoneSimulator.Build.0 = Debug|iPhoneSimulator
		{70975F4B-AEFD-431B-BFC8-29B36CAA44E1}.Debug|x64.ActiveCfg = Debug|iPhone
		{70975F4B-AEFD-431B-BFC8-29B36CAA44E1}.Debug|x86.ActiveCfg = Debug|iPhone
		{70975F4B-AEFD-431B-BFC8-29B36CAA44E1}.Release|Any CPU.ActiveCfg = Release|iPhone
		{70975F4B-AEFD-431B-BFC8-29B36CAA44E1}.Release|ARM.ActiveCfg = Release|iPhone
		{70975F4B-AEFD-431B-BFC8-29B36CAA44E1}.Release|iPhone.ActiveCfg = Release|iPhone
		{70975F4B-AEFD-431B-BFC8-29B36CAA44E1}.Release|iPhone.Build.0 = Release|iPhone
		{70975F4B-AEFD-431B-BFC8-29B36CAA44E1}.Release|iPhoneSimulator.ActiveCfg = Release|iPhoneSimulator
		{70975F4B-AEFD-431B-BFC8-29B36CAA44E1}.Release|iPhoneSimulator.Build.0 = Release|iPhoneSimulator
		{70975F4B-AEFD-431B-BFC8-29B36CAA44E1}.Release|x64.ActiveCfg = Release|iPhone
		{70975F4B-AEFD-431B-BFC8-29B36CAA44E1}.Release|x86.ActiveCfg = Release|iPhone
		{7E7DCA91-C688-4DF7-AC2C-92CCAB42E266}.Ad-Hoc|Any CPU.ActiveCfg = Release|x86
		{7E7DCA91-C688-4DF7-AC2C-92CCAB42E266}.Ad-Hoc|Any CPU.Build.0 = Release|x86
		{7E7DCA91-C688-4DF7-AC2C-92CCAB42E266}.Ad-Hoc|Any CPU.Deploy.0 = Release|x86
		{7E7DCA91-C688-4DF7-AC2C-92CCAB42E266}.Ad-Hoc|ARM.ActiveCfg = Release|ARM
		{7E7DCA91-C688-4DF7-AC2C-92CCAB42E266}.Ad-Hoc|ARM.Build.0 = Release|ARM
		{7E7DCA91-C688-4DF7-AC2C-92CCAB42E266}.Ad-Hoc|ARM.Deploy.0 = Release|ARM
		{7E7DCA91-C688-4DF7-AC2C-92CCAB42E266}.Ad-Hoc|iPhone.ActiveCfg = Release|x86
		{7E7DCA91-C688-4DF7-AC2C-92CCAB42E266}.Ad-Hoc|iPhone.Build.0 = Release|x86
		{7E7DCA91-C688-4DF7-AC2C-92CCAB42E266}.Ad-Hoc|iPhone.Deploy.0 = Release|x86
		{7E7DCA91-C688-4DF7-AC2C-92CCAB42E266}.Ad-Hoc|iPhoneSimulator.ActiveCfg = Release|x86
		{7E7DCA91-C688-4DF7-AC2C-92CCAB42E266}.Ad-Hoc|iPhoneSimulator.Build.0 = Release|x86
		{7E7DCA91-C688-4DF7-AC2C-92CCAB42E266}.Ad-Hoc|iPhoneSimulator.Deploy.0 = Release|x86
		{7E7DCA91-C688-4DF7-AC2C-92CCAB42E266}.Ad-Hoc|x64.ActiveCfg = Release|x64
		{7E7DCA91-C688-4DF7-AC2C-92CCAB42E266}.Ad-Hoc|x64.Build.0 = Release|x64
		{7E7DCA91-C688-4DF7-AC2C-92CCAB42E266}.Ad-Hoc|x64.Deploy.0 = Release|x64
		{7E7DCA91-C688-4DF7-AC2C-92CCAB42E266}.Ad-Hoc|x86.ActiveCfg = Release|x86
		{7E7DCA91-C688-4DF7-AC2C-92CCAB42E266}.Ad-Hoc|x86.Build.0 = Release|x86
		{7E7DCA91-C688-4DF7-AC2C-92CCAB42E266}.Ad-Hoc|x86.Deploy.0 = Release|x86
		{7E7DCA91-C688-4DF7-AC2C-92CCAB42E266}.AppStore|Any CPU.ActiveCfg = Release|x86
		{7E7DCA91-C688-4DF7-AC2C-92CCAB42E266}.AppStore|Any CPU.Build.0 = Release|x86
		{7E7DCA91-C688-4DF7-AC2C-92CCAB42E266}.AppStore|Any CPU.Deploy.0 = Release|x86
		{7E7DCA91-C688-4DF7-AC2C-92CCAB42E266}.AppStore|ARM.ActiveCfg = Release|ARM
		{7E7DCA91-C688-4DF7-AC2C-92CCAB42E266}.AppStore|ARM.Build.0 = Release|ARM
		{7E7DCA91-C688-4DF7-AC2C-92CCAB42E266}.AppStore|ARM.Deploy.0 = Release|ARM
		{7E7DCA91-C688-4DF7-AC2C-92CCAB42E266}.AppStore|iPhone.ActiveCfg = Release|x86
		{7E7DCA91-C688-4DF7-AC2C-92CCAB42E266}.AppStore|iPhone.Build.0 = Release|x86
		{7E7DCA91-C688-4DF7-AC2C-92CCAB42E266}.AppStore|iPhone.Deploy.0 = Release|x86
		{7E7DCA91-C688-4DF7-AC2C-92CCAB42E266}.AppStore|iPhoneSimulator.ActiveCfg = Release|x86
		{7E7DCA91-C688-4DF7-AC2C-92CCAB42E266}.AppStore|iPhoneSimulator.Build.0 = Release|x86
		{7E7DCA91-C688-4DF7-AC2C-92CCAB42E266}.AppStore|iPhoneSimulator.Deploy.0 = Release|x86
		{7E7DCA91-C688-4DF7-AC2C-92CCAB42E266}.AppStore|x64.ActiveCfg = Release|x64
		{7E7DCA91-C688-4DF7-AC2C-92CCAB42E266}.AppStore|x64.Build.0 = Release|x64
		{7E7DCA91-C688-4DF7-AC2C-92CCAB42E266}.AppStore|x64.Deploy.0 = Release|x64
		{7E7DCA91-C688-4DF7-AC2C-92CCAB42E266}.AppStore|x86.ActiveCfg = Release|x86
		{7E7DCA91-C688-4DF7-AC2C-92CCAB42E266}.AppStore|x86.Build.0 = Release|x86
		{7E7DCA91-C688-4DF7-AC2C-92CCAB42E266}.AppStore|x86.Deploy.0 = Release|x86
		{7E7DCA91-C688-4DF7-AC2C-92CCAB42E266}.Debug|Any CPU.ActiveCfg = Debug|x86
		{7E7DCA91-C688-4DF7-AC2C-92CCAB42E266}.Debug|ARM.ActiveCfg = Debug|ARM
		{7E7DCA91-C688-4DF7-AC2C-92CCAB42E266}.Debug|ARM.Build.0 = Debug|ARM
		{7E7DCA91-C688-4DF7-AC2C-92CCAB42E266}.Debug|ARM.Deploy.0 = Debug|ARM
		{7E7DCA91-C688-4DF7-AC2C-92CCAB42E266}.Debug|iPhone.ActiveCfg = Debug|x86
		{7E7DCA91-C688-4DF7-AC2C-92CCAB42E266}.Debug|iPhoneSimulator.ActiveCfg = Debug|x86
		{7E7DCA91-C688-4DF7-AC2C-92CCAB42E266}.Debug|x64.ActiveCfg = Debug|x64
		{7E7DCA91-C688-4DF7-AC2C-92CCAB42E266}.Debug|x64.Build.0 = Debug|x64
		{7E7DCA91-C688-4DF7-AC2C-92CCAB42E266}.Debug|x64.Deploy.0 = Debug|x64
		{7E7DCA91-C688-4DF7-AC2C-92CCAB42E266}.Debug|x86.ActiveCfg = Debug|x86
		{7E7DCA91-C688-4DF7-AC2C-92CCAB42E266}.Debug|x86.Build.0 = Debug|x86
		{7E7DCA91-C688-4DF7-AC2C-92CCAB42E266}.Debug|x86.Deploy.0 = Debug|x86
		{7E7DCA91-C688-4DF7-AC2C-92CCAB42E266}.Release|Any CPU.ActiveCfg = Release|x86
		{7E7DCA91-C688-4DF7-AC2C-92CCAB42E266}.Release|ARM.ActiveCfg = Release|ARM
		{7E7DCA91-C688-4DF7-AC2C-92CCAB42E266}.Release|ARM.Build.0 = Release|ARM
		{7E7DCA91-C688-4DF7-AC2C-92CCAB42E266}.Release|ARM.Deploy.0 = Release|ARM
		{7E7DCA91-C688-4DF7-AC2C-92CCAB42E266}.Release|iPhone.ActiveCfg = Release|x86
		{7E7DCA91-C688-4DF7-AC2C-92CCAB42E266}.Release|iPhoneSimulator.ActiveCfg = Release|x86
		{7E7DCA91-C688-4DF7-AC2C-92CCAB42E266}.Release|x64.ActiveCfg = Release|x64
		{7E7DCA91-C688-4DF7-AC2C-92CCAB42E266}.Release|x64.Build.0 = Release|x64
		{7E7DCA91-C688-4DF7-AC2C-92CCAB42E266}.Release|x64.Deploy.0 = Release|x64
		{7E7DCA91-C688-4DF7-AC2C-92CCAB42E266}.Release|x86.ActiveCfg = Release|x86
		{7E7DCA91-C688-4DF7-AC2C-92CCAB42E266}.Release|x86.Build.0 = Release|x86
		{7E7DCA91-C688-4DF7-AC2C-92CCAB42E266}.Release|x86.Deploy.0 = Release|x86
	EndGlobalSection
	GlobalSection(SolutionProperties) = preSolution
		HideSolutionNode = FALSE
	EndGlobalSection
EndGlobal
